
Microsoft Visual Studio Solution File, Format Version 12.00
# Visual Studio 14
VisualStudioVersion = 14.0.24720.0
MinimumVisualStudioVersion = 10.0.40219.1
Project("{FAE04EC0-301F-11D3-BF4B-00C04F79EFBC}") = "Homework2", "Homework2\Homework2.csproj", "{78BB6DB3-EE3E-4F6F-9A62-C66DAE945175}"
EndProject
Project("{FAE04EC0-301F-11D3-BF4B-00C04F79EFBC}") = "Homework3", "Homework3\Homework3.csproj", "{ADD2F9EE-F852-4F6E-BF88-FE337C03BEEC}"
EndProject
Project("{FAE04EC0-301F-11D3-BF4B-00C04F79EFBC}") = "Homework4", "Homework4\Homework4.csproj", "{67733CDE-EA3D-4B78-B70D-CC99A9C7CFE5}"
EndProject
Project("{FAE04EC0-301F-11D3-BF4B-00C04F79EFBC}") = "Homework5", "Homework5\Homework5.csproj", "{6B15E779-3D4B-49F0-8A7B-56C0FD98A7A6}"
EndProject
Global
	GlobalSection(SolutionConfigurationPlatforms) = preSolution
		Debug|Any CPU = Debug|Any CPU
		Release|Any CPU = Release|Any CPU
	EndGlobalSection
	GlobalSection(ProjectConfigurationPlatforms) = postSolution
		{78BB6DB3-EE3E-4F6F-9A62-C66DAE945175}.Debug|Any CPU.ActiveCfg = Debug|Any CPU
		{78BB6DB3-EE3E-4F6F-9A62-C66DAE945175}.Debug|Any CPU.Build.0 = Debug|Any CPU
		{78BB6DB3-EE3E-4F6F-9A62-C66DAE945175}.Release|Any CPU.ActiveCfg = Release|Any CPU
		{78BB6DB3-EE3E-4F6F-9A62-C66DAE945175}.Release|Any CPU.Build.0 = Release|Any CPU
		{ADD2F9EE-F852-4F6E-BF88-FE337C03BEEC}.Debug|Any CPU.ActiveCfg = Debug|Any CPU
		{ADD2F9EE-F852-4F6E-BF88-FE337C03BEEC}.Debug|Any CPU.Build.0 = Debug|Any CPU
		{ADD2F9EE-F852-4F6E-BF88-FE337C03BEEC}.Release|Any CPU.ActiveCfg = Release|Any CPU
		{ADD2F9EE-F852-4F6E-BF88-FE337C03BEEC}.Release|Any CPU.Build.0 = Release|Any CPU
		{67733CDE-EA3D-4B78-B70D-CC99A9C7CFE5}.Debug|Any CPU.ActiveCfg = Debug|Any CPU
		{67733CDE-EA3D-4B78-B70D-CC99A9C7CFE5}.Debug|Any CPU.Build.0 = Debug|Any CPU
		{67733CDE-EA3D-4B78-B70D-CC99A9C7CFE5}.Release|Any CPU.ActiveCfg = Release|Any CPU
		{67733CDE-EA3D-4B78-B70D-CC99A9C7CFE5}.Release|Any CPU.Build.0 = Release|Any CPU
		{6B15E779-3D4B-49F0-8A7B-56C0FD98A7A6}.Debug|Any CPU.ActiveCfg = Debug|Any CPU
		{6B15E779-3D4B-49F0-8A7B-56C0FD98A7A6}.Debug|Any CPU.Build.0 = Debug|Any CPU
		{6B15E779-3D4B-49F0-8A7B-56C0FD98A7A6}.Release|Any CPU.ActiveCfg = Release|Any CPU
		{6B15E779-3D4B-49F0-8A7B-56C0FD98A7A6}.Release|Any CPU.Build.0 = Release|Any CPU
	EndGlobalSection
	GlobalSection(SolutionProperties) = preSolution
		HideSolutionNode = FALSE
	EndGlobalSection
EndGlobal
